
Microsoft Visual Studio Solution File, Format Version 12.00
Project("{FAE04EC0-301F-11D3-BF4B-00C04F79EFBC}") = "my-books", "my-books\my-books.csproj", "{DB0F60D6-2367-433B-943B-C062C6470F76}"
EndProject
Global
	GlobalSection(SolutionConfigurationPlatforms) = preSolution
		Debug|Any CPU = Debug|Any CPU
		Release|Any CPU = Release|Any CPU
	EndGlobalSection
	GlobalSection(ProjectConfigurationPlatforms) = postSolution
		{DB0F60D6-2367-433B-943B-C062C6470F76}.Debug|Any CPU.ActiveCfg = Debug|Any CPU
		{DB0F60D6-2367-433B-943B-C062C6470F76}.Debug|Any CPU.Build.0 = Debug|Any CPU
		{DB0F60D6-2367-433B-943B-C062C6470F76}.Release|Any CPU.ActiveCfg = Release|Any CPU
		{DB0F60D6-2367-433B-943B-C062C6470F76}.Release|Any CPU.Build.0 = Release|Any CPU
	EndGlobalSection
EndGlobal
